
Microsoft Visual Studio Solution File, Format Version 12.00
# Visual Studio Version 17
VisualStudioVersion = 17.8.34511.84
MinimumVisualStudioVersion = 10.0.40219.1
Project("{FAE04EC0-301F-11D3-BF4B-00C04F79EFBC}") = "assignment2", "assignment2\assignment2.csproj", "{43C2DCA8-62AF-4665-8F17-24C8BF158DF8}"
EndProject
Global
	GlobalSection(SolutionConfigurationPlatforms) = preSolution
		Debug|Any CPU = Debug|Any CPU
		Release|Any CPU = Release|Any CPU
	EndGlobalSection
	GlobalSection(ProjectConfigurationPlatforms) = postSolution
		{43C2DCA8-62AF-4665-8F17-24C8BF158DF8}.Debug|Any CPU.ActiveCfg = Debug|Any CPU
		{43C2DCA8-62AF-4665-8F17-24C8BF158DF8}.Debug|Any CPU.Build.0 = Debug|Any CPU
		{43C2DCA8-62AF-4665-8F17-24C8BF158DF8}.Release|Any CPU.ActiveCfg = Release|Any CPU
		{43C2DCA8-62AF-4665-8F17-24C8BF158DF8}.Release|Any CPU.Build.0 = Release|Any CPU
	EndGlobalSection
	GlobalSection(SolutionProperties) = preSolution
		HideSolutionNode = FALSE
	EndGlobalSection
	GlobalSection(ExtensibilityGlobals) = postSolution
		SolutionGuid = {45D6E048-1969-4325-87FC-A7965DCFDCCF}
	EndGlobalSection
EndGlobal
